
Microsoft Visual Studio Solution File, Format Version 12.00
# Visual Studio Version 17
VisualStudioVersion = 17.1.32319.34
MinimumVisualStudioVersion = 10.0.40219.1
Project("{FAE04EC0-301F-11D3-BF4B-00C04F79EFBC}") = "CreateXML", "CreateXML.csproj", "{A4CAB8BE-70DE-405C-A371-987DB4470BED}"
EndProject
Global
	GlobalSection(SolutionConfigurationPlatforms) = preSolution
		Debug|Any CPU = Debug|Any CPU
		Release|Any CPU = Release|Any CPU
	EndGlobalSection
	GlobalSection(ProjectConfigurationPlatforms) = postSolution
		{A4CAB8BE-70DE-405C-A371-987DB4470BED}.Debug|Any CPU.ActiveCfg = Debug|Any CPU
		{A4CAB8BE-70DE-405C-A371-987DB4470BED}.Debug|Any CPU.Build.0 = Debug|Any CPU
		{A4CAB8BE-70DE-405C-A371-987DB4470BED}.Release|Any CPU.ActiveCfg = Release|Any CPU
		{A4CAB8BE-70DE-405C-A371-987DB4470BED}.Release|Any CPU.Build.0 = Release|Any CPU
	EndGlobalSection
	GlobalSection(SolutionProperties) = preSolution
		HideSolutionNode = FALSE
	EndGlobalSection
	GlobalSection(ExtensibilityGlobals) = postSolution
		SolutionGuid = {829532C4-CE72-4494-9AF6-6E08263B0B86}
	EndGlobalSection
EndGlobal
